// !$*UTF8*$!
{
	archiveVersion = 1;
	classes = {
	};
	objectVersion = 46;
	objects = {

/* Begin PBXBuildFile section */
		424D128C41AED96CB4ADA095 /* Pods.framework in Frameworks */ = {isa = PBXBuildFile; fileRef = EB2D4E04C400CE1068CD2CC4 /* Pods.framework */; };
		EF18D37E1C68279100B42278 /* AppDelegate.swift in Sources */ = {isa = PBXBuildFile; fileRef = EF18D37D1C68279100B42278 /* AppDelegate.swift */; };
		EF18D3801C68279100B42278 /* HomeController.swift in Sources */ = {isa = PBXBuildFile; fileRef = EF18D37F1C68279100B42278 /* HomeController.swift */; };
		EF18D3831C68279100B42278 /* Main.storyboard in Resources */ = {isa = PBXBuildFile; fileRef = EF18D3811C68279100B42278 /* Main.storyboard */; };
		EF18D3851C68279100B42278 /* Assets.xcassets in Resources */ = {isa = PBXBuildFile; fileRef = EF18D3841C68279100B42278 /* Assets.xcassets */; };
		EF18D3881C68279100B42278 /* LaunchScreen.storyboard in Resources */ = {isa = PBXBuildFile; fileRef = EF18D3861C68279100B42278 /* LaunchScreen.storyboard */; };
		EF4385571C6934770086B216 /* Settings.bundle in Resources */ = {isa = PBXBuildFile; fileRef = EF4385561C6934770086B216 /* Settings.bundle */; };
		EF7B93631C6C2C2700117458 /* ListRoutesView.swift in Sources */ = {isa = PBXBuildFile; fileRef = EF7B93611C6C2C2700117458 /* ListRoutesView.swift */; };
		EFD178851C7D5B1F003CEA8B /* Color.swift in Sources */ = {isa = PBXBuildFile; fileRef = EFD178841C7D5B1F003CEA8B /* Color.swift */; };
/* End PBXBuildFile section */

/* Begin PBXFileReference section */
		3E2E4DEDBB9D95DF530C0BF1 /* Pods.debug.xcconfig */ = {isa = PBXFileReference; includeInIndex = 1; lastKnownFileType = text.xcconfig; name = Pods.debug.xcconfig; path = "Pods/Target Support Files/Pods/Pods.debug.xcconfig"; sourceTree = "<group>"; };
		41E3EBA9292B33CE4FF46F69 /* Pods.release.xcconfig */ = {isa = PBXFileReference; includeInIndex = 1; lastKnownFileType = text.xcconfig; name = Pods.release.xcconfig; path = "Pods/Target Support Files/Pods/Pods.release.xcconfig"; sourceTree = "<group>"; };
		EB2D4E04C400CE1068CD2CC4 /* Pods.framework */ = {isa = PBXFileReference; explicitFileType = wrapper.framework; includeInIndex = 0; path = Pods.framework; sourceTree = BUILT_PRODUCTS_DIR; };
		EF18D37A1C68279100B42278 /* Buspper.app */ = {isa = PBXFileReference; explicitFileType = wrapper.application; includeInIndex = 0; path = Buspper.app; sourceTree = BUILT_PRODUCTS_DIR; };
		EF18D37D1C68279100B42278 /* AppDelegate.swift */ = {isa = PBXFileReference; lastKnownFileType = sourcecode.swift; path = AppDelegate.swift; sourceTree = "<group>"; };
		EF18D37F1C68279100B42278 /* HomeController.swift */ = {isa = PBXFileReference; lastKnownFileType = sourcecode.swift; path = HomeController.swift; sourceTree = "<group>"; };
		EF18D3821C68279100B42278 /* Base */ = {isa = PBXFileReference; lastKnownFileType = file.storyboard; name = Base; path = Base.lproj/Main.storyboard; sourceTree = "<group>"; };
		EF18D3841C68279100B42278 /* Assets.xcassets */ = {isa = PBXFileReference; lastKnownFileType = folder.assetcatalog; path = Assets.xcassets; sourceTree = "<group>"; };
		EF18D3871C68279100B42278 /* Base */ = {isa = PBXFileReference; lastKnownFileType = file.storyboard; name = Base; path = Base.lproj/LaunchScreen.storyboard; sourceTree = "<group>"; };
		EF18D3891C68279100B42278 /* Info.plist */ = {isa = PBXFileReference; lastKnownFileType = text.plist.xml; path = Info.plist; sourceTree = "<group>"; };
		EF4385561C6934770086B216 /* Settings.bundle */ = {isa = PBXFileReference; lastKnownFileType = "wrapper.plug-in"; name = Settings.bundle; path = ../Settings.bundle; sourceTree = "<group>"; };
		EF7B93611C6C2C2700117458 /* ListRoutesView.swift */ = {isa = PBXFileReference; fileEncoding = 4; lastKnownFileType = sourcecode.swift; path = ListRoutesView.swift; sourceTree = "<group>"; };
		EFD178841C7D5B1F003CEA8B /* Color.swift */ = {isa = PBXFileReference; fileEncoding = 4; lastKnownFileType = sourcecode.swift; path = Color.swift; sourceTree = "<group>"; };
/* End PBXFileReference section */

/* Begin PBXFrameworksBuildPhase section */
		EF18D3771C68279100B42278 /* Frameworks */ = {
			isa = PBXFrameworksBuildPhase;
			buildActionMask = 2147483647;
			files = (
				424D128C41AED96CB4ADA095 /* Pods.framework in Frameworks */,
			);
			runOnlyForDeploymentPostprocessing = 0;
		};
/* End PBXFrameworksBuildPhase section */

/* Begin PBXGroup section */
		357C60DDB7FEB59C032F571F /* Pods */ = {
			isa = PBXGroup;
			children = (
				3E2E4DEDBB9D95DF530C0BF1 /* Pods.debug.xcconfig */,
				41E3EBA9292B33CE4FF46F69 /* Pods.release.xcconfig */,
			);
			name = Pods;
			sourceTree = "<group>";
		};
		593596F8CCC01FA8D193E9FE /* Frameworks */ = {
			isa = PBXGroup;
			children = (
				EB2D4E04C400CE1068CD2CC4 /* Pods.framework */,
			);
			name = Frameworks;
			sourceTree = "<group>";
		};
		EF18D3711C68279100B42278 = {
			isa = PBXGroup;
			children = (
				EF18D37C1C68279100B42278 /* Buspper */,
				EF18D37B1C68279100B42278 /* Products */,
				357C60DDB7FEB59C032F571F /* Pods */,
				593596F8CCC01FA8D193E9FE /* Frameworks */,
			);
			sourceTree = "<group>";
		};
		EF18D37B1C68279100B42278 /* Products */ = {
			isa = PBXGroup;
			children = (
				EF18D37A1C68279100B42278 /* Buspper.app */,
			);
			name = Products;
			sourceTree = "<group>";
		};
		EF18D37C1C68279100B42278 /* Buspper */ = {
			isa = PBXGroup;
			children = (
				EF4385561C6934770086B216 /* Settings.bundle */,
				EF18D37D1C68279100B42278 /* AppDelegate.swift */,
				EF7B93601C6C2BD400117458 /* Controllers */,
				EF18D3811C68279100B42278 /* Main.storyboard */,
				EFD178861C7D5D88003CEA8B /* Helpers */,
				EF18D3841C68279100B42278 /* Assets.xcassets */,
				EF18D3861C68279100B42278 /* LaunchScreen.storyboard */,
				EF18D3891C68279100B42278 /* Info.plist */,
			);
			path = Buspper;
			sourceTree = "<group>";
		};
		EF7B93601C6C2BD400117458 /* Controllers */ = {
			isa = PBXGroup;
			children = (
				EF18D37F1C68279100B42278 /* HomeController.swift */,
				EF7B93611C6C2C2700117458 /* ListRoutesView.swift */,
			);
			name = Controllers;
			sourceTree = "<group>";
		};
		EFD178861C7D5D88003CEA8B /* Helpers */ = {
			isa = PBXGroup;
			children = (
				EFD178841C7D5B1F003CEA8B /* Color.swift */,
			);
			name = Helpers;
			sourceTree = "<group>";
		};
/* End PBXGroup section */

/* Begin PBXNativeTarget section */
		EF18D3791C68279100B42278 /* Buspper */ = {
			isa = PBXNativeTarget;
			buildConfigurationList = EF18D38C1C68279100B42278 /* Build configuration list for PBXNativeTarget "Buspper" */;
			buildPhases = (
				CE65F7C9B1B3E9863D344282 /* Check Pods Manifest.lock */,
				EF18D3761C68279100B42278 /* Sources */,
				EF18D3771C68279100B42278 /* Frameworks */,
				EF18D3781C68279100B42278 /* Resources */,
				89E20BAD0717A3F9F16AB368 /* Embed Pods Frameworks */,
				6DE9C5F7B963D194C6AA82B2 /* Copy Pods Resources */,
			);
			buildRules = (
			);
			dependencies = (
			);
			name = Buspper;
			productName = Buspper;
			productReference = EF18D37A1C68279100B42278 /* Buspper.app */;
			productType = "com.apple.product-type.application";
		};
/* End PBXNativeTarget section */

/* Begin PBXProject section */
		EF18D3721C68279100B42278 /* Project object */ = {
			isa = PBXProject;
			attributes = {
				LastSwiftUpdateCheck = 0720;
				LastUpgradeCheck = 0720;
				ORGANIZATIONNAME = "Carlos Linares";
				TargetAttributes = {
					EF18D3791C68279100B42278 = {
						CreatedOnToolsVersion = 7.2;
						DevelopmentTeam = K8Y688X25N;
						SystemCapabilities = {
							com.apple.BackgroundModes = {
								enabled = 1;
							};
						};
					};
				};
			};
			buildConfigurationList = EF18D3751C68279100B42278 /* Build configuration list for PBXProject "Buspper" */;
			compatibilityVersion = "Xcode 3.2";
			developmentRegion = English;
			hasScannedForEncodings = 0;
			knownRegions = (
				en,
				Base,
			);
			mainGroup = EF18D3711C68279100B42278;
			productRefGroup = EF18D37B1C68279100B42278 /* Products */;
			projectDirPath = "";
			projectRoot = "";
			targets = (
				EF18D3791C68279100B42278 /* Buspper */,
			);
		};
/* End PBXProject section */

/* Begin PBXResourcesBuildPhase section */
		EF18D3781C68279100B42278 /* Resources */ = {
			isa = PBXResourcesBuildPhase;
			buildActionMask = 2147483647;
			files = (
				EF4385571C6934770086B216 /* Settings.bundle in Resources */,
				EF18D3881C68279100B42278 /* LaunchScreen.storyboard in Resources */,
				EF18D3851C68279100B42278 /* Assets.xcassets in Resources */,
				EF18D3831C68279100B42278 /* Main.storyboard in Resources */,
			);
			runOnlyForDeploymentPostprocessing = 0;
		};
/* End PBXResourcesBuildPhase section */

/* Begin PBXShellScriptBuildPhase section */
		6DE9C5F7B963D194C6AA82B2 /* Copy Pods Resources */ = {
			isa = PBXShellScriptBuildPhase;
			buildActionMask = 2147483647;
			files = (
			);
			inputPaths = (
			);
			name = "Copy Pods Resources";
			outputPaths = (
			);
			runOnlyForDeploymentPostprocessing = 0;
			shellPath = /bin/sh;
			shellScript = "\"${SRCROOT}/Pods/Target Support Files/Pods/Pods-resources.sh\"\n";
			showEnvVarsInLog = 0;
		};
		89E20BAD0717A3F9F16AB368 /* Embed Pods Frameworks */ = {
			isa = PBXShellScriptBuildPhase;
			buildActionMask = 2147483647;
			files = (
			);
			inputPaths = (
			);
			name = "Embed Pods Frameworks";
			outputPaths = (
			);
			runOnlyForDeploymentPostprocessing = 0;
			shellPath = /bin/sh;
			shellScript = "\"${SRCROOT}/Pods/Target Support Files/Pods/Pods-frameworks.sh\"\n";
			showEnvVarsInLog = 0;
		};
		CE65F7C9B1B3E9863D344282 /* Check Pods Manifest.lock */ = {
			isa = PBXShellScriptBuildPhase;
			buildActionMask = 2147483647;
			files = (
			);
			inputPaths = (
			);
			name = "Check Pods Manifest.lock";
			outputPaths = (
			);
			runOnlyForDeploymentPostprocessing = 0;
			shellPath = /bin/sh;
			shellScript = "diff \"${PODS_ROOT}/../Podfile.lock\" \"${PODS_ROOT}/Manifest.lock\" > /dev/null\nif [[ $? != 0 ]] ; then\n    cat << EOM\nerror: The sandbox is not in sync with the Podfile.lock. Run 'pod install' or update your CocoaPods installation.\nEOM\n    exit 1\nfi\n";
			showEnvVarsInLog = 0;
		};
/* End PBXShellScriptBuildPhase section */

/* Begin PBXSourcesBuildPhase section */
		EF18D3761C68279100B42278 /* Sources */ = {
			isa = PBXSourcesBuildPhase;
			buildActionMask = 2147483647;
			files = (
				EF7B93631C6C2C2700117458 /* ListRoutesView.swift in Sources */,
				EFD178851C7D5B1F003CEA8B /* Color.swift in Sources */,
				EF18D3801C68279100B42278 /* HomeController.swift in Sources */,
				EF18D37E1C68279100B42278 /* AppDelegate.swift in Sources */,
			);
			runOnlyForDeploymentPostprocessing = 0;
		};
/* End PBXSourcesBuildPhase section */

/* Begin PBXVariantGroup section */
		EF18D3811C68279100B42278 /* Main.storyboard */ = {
			isa = PBXVariantGroup;
			children = (
				EF18D3821C68279100B42278 /* Base */,
			);
			name = Main.storyboard;
			sourceTree = "<group>";
		};
		EF18D3861C68279100B42278 /* LaunchScreen.storyboard */ = {
			isa = PBXVariantGroup;
			children = (
				EF18D3871C68279100B42278 /* Base */,
			);
			name = LaunchScreen.storyboard;
			sourceTree = "<group>";
		};
/* End PBXVariantGroup section */

/* Begin XCBuildConfiguration section */
		EF18D38A1C68279100B42278 /* Debug */ = {
			isa = XCBuildConfiguration;
			buildSettings = {
				ALWAYS_SEARCH_USER_PATHS = NO;
				CLANG_CXX_LANGUAGE_STANDARD = "gnu++0x";
				CLANG_CXX_LIBRARY = "libc++";
				CLANG_ENABLE_MODULES = YES;
				CLANG_ENABLE_OBJC_ARC = YES;
				CLANG_WARN_BOOL_CONVERSION = YES;
				CLANG_WARN_CONSTANT_CONVERSION = YES;
				CLANG_WARN_DIRECT_OBJC_ISA_USAGE = YES_ERROR;
				CLANG_WARN_EMPTY_BODY = YES;
				CLANG_WARN_ENUM_CONVERSION = YES;
				CLANG_WARN_INT_CONVERSION = YES;
				CLANG_WARN_OBJC_ROOT_CLASS = YES_ERROR;
				CLANG_WARN_UNREACHABLE_CODE = YES;
				CLANG_WARN__DUPLICATE_METHOD_MATCH = YES;
				"CODE_SIGN_IDENTITY[sdk=iphoneos*]" = "iPhone Developer";
				COPY_PHASE_STRIP = NO;
				DEBUG_INFORMATION_FORMAT = dwarf;
				ENABLE_STRICT_OBJC_MSGSEND = YES;
				ENABLE_TESTABILITY = YES;
				GCC_C_LANGUAGE_STANDARD = gnu99;
				GCC_DYNAMIC_NO_PIC = NO;
				GCC_NO_COMMON_BLOCKS = YES;
				GCC_OPTIMIZATION_LEVEL = 0;
				GCC_PREPROCESSOR_DEFINITIONS = (
					"DEBUG=1",
					"$(inherited)",
				);
				GCC_WARN_64_TO_32_BIT_CONVERSION = YES;
				GCC_WARN_ABOUT_RETURN_TYPE = YES_ERROR;
				GCC_WARN_UNDECLARED_SELECTOR = YES;
				GCC_WARN_UNINITIALIZED_AUTOS = YES_AGGRESSIVE;
				GCC_WARN_UNUSED_FUNCTION = YES;
				GCC_WARN_UNUSED_VARIABLE = YES;
				IPHONEOS_DEPLOYMENT_TARGET = 9.2;
				MTL_ENABLE_DEBUG_INFO = YES;
				ONLY_ACTIVE_ARCH = YES;
				SDKROOT = iphoneos;
				SWIFT_OPTIMIZATION_LEVEL = "-Onone";
			};
			name = Debug;
		};
		EF18D38B1C68279100B42278 /* Release */ = {
			isa = XCBuildConfiguration;
			buildSettings = {
				ALWAYS_SEARCH_USER_PATHS = NO;
				CLANG_CXX_LANGUAGE_STANDARD = "gnu++0x";
				CLANG_CXX_LIBRARY = "libc++";
				CLANG_ENABLE_MODULES = YES;
				CLANG_ENABLE_OBJC_ARC = YES;
				CLANG_WARN_BOOL_CONVERSION = YES;
				CLANG_WARN_CONSTANT_CONVERSION = YES;
				CLANG_WARN_DIRECT_OBJC_ISA_USAGE = YES_ERROR;
				CLANG_WARN_EMPTY_BODY = YES;
				CLANG_WARN_ENUM_CONVERSION = YES;
				CLANG_WARN_INT_CONVERSION = YES;
				CLANG_WARN_OBJC_ROOT_CLASS = YES_ERROR;
				CLANG_WARN_UNREACHABLE_CODE = YES;
				CLANG_WARN__DUPLICATE_METHOD_MATCH = YES;
				"CODE_SIGN_IDENTITY[sdk=iphoneos*]" = "iPhone Developer";
				COPY_PHASE_STRIP = NO;
				DEBUG_INFORMATION_FORMAT = "dwarf-with-dsym";
				ENABLE_NS_ASSERTIONS = NO;
				ENABLE_STRICT_OBJC_MSGSEND = YES;
				GCC_C_LANGUAGE_STANDARD = gnu99;
				GCC_NO_COMMON_BLOCKS = YES;
				GCC_WARN_64_TO_32_BIT_CONVERSION = YES;
				GCC_WARN_ABOUT_RETURN_TYPE = YES_ERROR;
				GCC_WARN_UNDECLARED_SELECTOR = YES;
				GCC_WARN_UNINITIALIZED_AUTOS = YES_AGGRESSIVE;
				GCC_WARN_UNUSED_FUNCTION = YES;
				GCC_WARN_UNUSED_VARIABLE = YES;
				IPHONEOS_DEPLOYMENT_TARGET = 9.2;
				MTL_ENABLE_DEBUG_INFO = NO;
				SDKROOT = iphoneos;
				VALIDATE_PRODUCT = YES;
			};
			name = Release;
		};
		EF18D38D1C68279100B42278 /* Debug */ = {
			isa = XCBuildConfiguration;
			baseConfigurationReference = 3E2E4DEDBB9D95DF530C0BF1 /* Pods.debug.xcconfig */;
			buildSettings = {
				ASSETCATALOG_COMPILER_APPICON_NAME = AppIcon;
				INFOPLIST_FILE = Buspper/Info.plist;
				LD_RUNPATH_SEARCH_PATHS = "$(inherited) @executable_path/Frameworks";
				PRODUCT_BUNDLE_IDENTIFIER = "com.calosth.-.Buspper";
				PRODUCT_NAME = "$(TARGET_NAME)";
			};
			name = Debug;
		};
		EF18D38E1C68279100B42278 /* Release */ = {
			isa = XCBuildConfiguration;
			baseConfigurationReference = 41E3EBA9292B33CE4FF46F69 /* Pods.release.xcconfig */;
			buildSettings = {
				ASSETCATALOG_COMPILER_APPICON_NAME = AppIcon;
				INFOPLIST_FILE = Buspper/Info.plist;
				LD_RUNPATH_SEARCH_PATHS = "$(inherited) @executable_path/Frameworks";
				PRODUCT_BUNDLE_IDENTIFIER = "com.calosth.-.Buspper";
				PRODUCT_NAME = "$(TARGET_NAME)";
			};
			name = Release;
		};
/* End XCBuildConfiguration section */

/* Begin XCConfigurationList section */
		EF18D3751C68279100B42278 /* Build configuration list for PBXProject "Buspper" */ = {
			isa = XCConfigurationList;
			buildConfigurations = (
				EF18D38A1C68279100B42278 /* Debug */,
				EF18D38B1C68279100B42278 /* Release */,
			);
			defaultConfigurationIsVisible = 0;
			defaultConfigurationName = Release;
		};
		EF18D38C1C68279100B42278 /* Build configuration list for PBXNativeTarget "Buspper" */ = {
			isa = XCConfigurationList;
			buildConfigurations = (
				EF18D38D1C68279100B42278 /* Debug */,
				EF18D38E1C68279100B42278 /* Release */,
			);
			defaultConfigurationIsVisible = 0;
			defaultConfigurationName = Release;
		};
/* End XCConfigurationList section */
	};
	rootObject = EF18D3721C68279100B42278 /* Project object */;
}
